{
  "name": "iotmapmanager",
  "version": "2.0.0",
  "lockfileVersion": 1,
  "requires": true,
  "dependencies": {
    "@types/geojson": {
      "version": "7946.0.7",
      "resolved": "https://registry.npmjs.org/@types/geojson/-/geojson-7946.0.7.tgz",
      "integrity": "sha512-wE2v81i4C4Ol09RtsWFAqg3BUitWbHSpSlIo+bNdsCJijO9sjme+zm+73ZMCa/qMC8UEERxzGbvmr1cffo2SiQ=="
    },
    "@types/leaflet": {
      "version": "1.5.19",
      "resolved": "https://registry.npmjs.org/@types/leaflet/-/leaflet-1.5.19.tgz",
      "integrity": "sha512-ZAKqfvdU/+KFoCpf8aUba09F8mfSc8R2esq++Cha3E2DgwS5K/I/4eJ+0JylrVHZivgY7PSAeXFv/izP+81/MQ==",
      "requires": {
        "@types/geojson": "*"
      }
    },
    "@types/leaflet.markercluster": {
      "version": "1.4.3",
      "resolved": "https://registry.npmjs.org/@types/leaflet.markercluster/-/leaflet.markercluster-1.4.3.tgz",
      "integrity": "sha512-X/b/Enz84PzmcA9z7pxsHEBEUNghmvznEBcRQeuxyYL/QU6jAR7LIb/ot03ATNPO56wSFzbCnsOf7yJ+7FzS1Q==",
      "requires": {
        "@types/leaflet": "*"
      }
    },
    "leaflet": {
      "version": "1.7.1",
      "resolved": "https://registry.npmjs.org/leaflet/-/leaflet-1.7.1.tgz",
      "integrity": "sha512-/xwPEBidtg69Q3HlqPdU3DnrXQOvQU/CCHA1tcDQVzOwm91YMYaILjNp7L4Eaw5Z4sOYdbBz6koWyibppd8Zqw=="
    },
    "leaflet.markercluster": {
      "version": "1.4.1",
      "resolved": "https://registry.npmjs.org/leaflet.markercluster/-/leaflet.markercluster-1.4.1.tgz",
      "integrity": "sha512-ZSEpE/EFApR0bJ1w/dUGwTSUvWlpalKqIzkaYdYB7jaftQA/Y2Jav+eT4CMtEYFj+ZK4mswP13Q2acnPBnhGOw=="
    }
  }
}
